
Microsoft Visual Studio Solution File, Format Version 12.00
# Visual Studio Version 17
VisualStudioVersion = 17.1.32319.34
MinimumVisualStudioVersion = 10.0.40219.1
Project("{8BC9CEB8-8B4A-11D0-8D11-00A0C91BC942}") = "Task2_GiRepo", "Task2_GiRepo\Task2_GiRepo.vcxproj", "{E645922D-79E4-448E-9A16-8B9964D9A1E3}"
EndProject
Global
	GlobalSection(SolutionConfigurationPlatforms) = preSolution
		Debug|x64 = Debug|x64
		Debug|x86 = Debug|x86
		Release|x64 = Release|x64
		Release|x86 = Release|x86
	EndGlobalSection
	GlobalSection(ProjectConfigurationPlatforms) = postSolution
		{E645922D-79E4-448E-9A16-8B9964D9A1E3}.Debug|x64.ActiveCfg = Debug|x64
		{E645922D-79E4-448E-9A16-8B9964D9A1E3}.Debug|x64.Build.0 = Debug|x64
		{E645922D-79E4-448E-9A16-8B9964D9A1E3}.Debug|x86.ActiveCfg = Debug|Win32
		{E645922D-79E4-448E-9A16-8B9964D9A1E3}.Debug|x86.Build.0 = Debug|Win32
		{E645922D-79E4-448E-9A16-8B9964D9A1E3}.Release|x64.ActiveCfg = Release|x64
		{E645922D-79E4-448E-9A16-8B9964D9A1E3}.Release|x64.Build.0 = Release|x64
		{E645922D-79E4-448E-9A16-8B9964D9A1E3}.Release|x86.ActiveCfg = Release|Win32
		{E645922D-79E4-448E-9A16-8B9964D9A1E3}.Release|x86.Build.0 = Release|Win32
	EndGlobalSection
	GlobalSection(SolutionProperties) = preSolution
		HideSolutionNode = FALSE
	EndGlobalSection
	GlobalSection(ExtensibilityGlobals) = postSolution
		SolutionGuid = {E18BE823-0F37-48CE-BCBB-8E6A7B69DE36}
	EndGlobalSection
EndGlobal
